{
  "name": "icourse1.05",
  "version": "1.0.5",
  "lockfileVersion": 1,
  "requires": true,
  "dependencies": {
    "chalk": {
      "version": "2.4.2",
      "resolved": "https://registry.npmjs.org/chalk/-/chalk-2.4.2.tgz",
      "integrity": "sha512-Mti+f9lpJNcwF4tWV8/OrTTtF1gZi+f8FqlyAdouralcFWFQWF2+NgCHShjkCb+IFBLq9buZwE1xckQU4peSuQ==",
      "dev": true,
      "requires": {
        "ansi-styles": "^3.2.1",
        "escape-string-regexp": "^1.0.5",
        "supports-color": "^5.3.0"
      },
      "dependencies": {
        "ansi-styles": {
          "version": "3.2.1",
          "resolved": "https://registry.npmjs.org/ansi-styles/-/ansi-styles-3.2.1.tgz",
          "integrity": "sha512-VT0ZI6kZRdTh8YyJw3SMbYm/u+NqfsAxEpWO0Pf9sq8/e94WxxOpPKx9FR1FlyCtOVDNOQ+8ntlqFxiRc+r5qA==",
          "dev": true,
          "requires": {
            "color-convert": "^1.9.0"
          }
        },
        "escape-string-regexp": {
          "version": "1.0.5",
          "resolved": "https://registry.npmjs.org/escape-string-regexp/-/escape-string-regexp-1.0.5.tgz",
          "integrity": "sha1-G2HAViGQqN/2rjuyzwIAyhMLhtQ=",
          "dev": true
        },
        "has-flag": {
          "version": "3.0.0",
          "resolved": "https://registry.npmjs.org/has-flag/-/has-flag-3.0.0.tgz",
          "integrity": "sha1-tdRU3CGZriJWmfNGfloH87lVuv0=",
          "dev": true
        },
        "supports-color": {
          "version": "5.5.0",
          "resolved": "https://registry.npmjs.org/supports-color/-/supports-color-5.5.0.tgz",
          "integrity": "sha512-QjVjwdXIt408MIiAqCX4oUKsgU2EqAGzs2Ppkm4aQYbjm+ZEWEcW4SfFNTr4uMNZma0ey4f5lgLrkB0aX0QMow==",
          "dev": true,
          "requires": {
            "has-flag": "^3.0.0"
          }
        }
      }
    },
    "cli-cursor": {
      "version": "2.1.0",
      "resolved": "http://registry.npm.taobao.org/cli-cursor/download/cli-cursor-2.1.0.tgz",
      "dev": true,
      "dependencies": {
        "restore-cursor": {
          "version": "http://registry.npm.taobao.org/restore-cursor/download/restore-cursor-2.0.0.tgz",
          "bundled": true
        }
      }
    },
    "color-convert": {
      "version": "1.9.3",
      "resolved": "http://registry.npm.taobao.org/color-convert/download/color-convert-1.9.3.tgz",
      "dev": true,
      "dependencies": {
        "color-name": {
          "version": "http://registry.npm.taobao.org/color-name/download/color-name-1.1.3.tgz",
          "bundled": true
        }
      }
    },
    "commander": {
      "version": "2.19.0",
      "resolved": "http://registry.npm.taobao.org/commander/download/commander-2.19.0.tgz?cache=0&other_urls=http%3A%2F%2Fregistry.npm.taobao.org%2Fcommander%2Fdownload%2Fcommander-2.19.0.tgz",
      "dev": true
    },
    "download-git-repo": {
      "version": "1.1.0",
      "resolved": "http://registry.npm.taobao.org/download-git-repo/download/download-git-repo-1.1.0.tgz?cache=0&other_urls=http%3A%2F%2Fregistry.npm.taobao.org%2Fdownload-git-repo%2Fdownload%2Fdownload-git-repo-1.1.0.tgz",
      "dev": true,
      "dependencies": {
        "download": {
          "version": "http://registry.npm.taobao.org/download/download/download-5.0.3.tgz",
          "bundled": true
        },
        "git-clone": {
          "version": "http://registry.npm.taobao.org/git-clone/download/git-clone-0.1.0.tgz",
          "bundled": true
        },
        "rimraf": {
          "version": "http://registry.npm.taobao.org/rimraf/download/rimraf-2.6.3.tgz?cache=0&other_urls=http%3A%2F%2Fregistry.npm.taobao.org%2Frimraf%2Fdownload%2Frimraf-2.6.3.tgz",
          "bundled": true,
          "dependencies": {
            "glob": {
              "version": "http://registry.npm.taobao.org/glob/download/glob-7.1.3.tgz?cache=0&other_urls=http%3A%2F%2Fregistry.npm.taobao.org%2Fglob%2Fdownload%2Fglob-7.1.3.tgz"
            }
          }
        }
      }
    },
    "handlebars": {
      "version": "4.1.1",
      "resolved": "http://registry.npm.taobao.org/handlebars/download/handlebars-4.1.1.tgz?cache=0&other_urls=http%3A%2F%2Fregistry.npm.taobao.org%2Fhandlebars%2Fdownload%2Fhandlebars-4.1.1.tgz",
      "dev": true,
      "dependencies": {
        "neo-async": {
          "version": "http://registry.npm.taobao.org/neo-async/download/neo-async-2.6.0.tgz",
          "bundled": true
        },
        "optimist": {
          "version": "http://registry.npm.taobao.org/optimist/download/optimist-0.6.1.tgz",
          "bundled": true
        },
        "source-map": {
          "version": "http://registry.npm.taobao.org/source-map/download/source-map-0.6.1.tgz",
          "bundled": true
        },
        "uglify-js": {
          "version": "http://registry.npm.taobao.org/uglify-js/download/uglify-js-3.5.2.tgz",
          "bundled": true
        }
      }
    },
    "inquirer": {
      "version": "6.2.2",
      "resolved": "http://registry.npm.taobao.org/inquirer/download/inquirer-6.2.2.tgz?cache=0&other_urls=http%3A%2F%2Fregistry.npm.taobao.org%2Finquirer%2Fdownload%2Finquirer-6.2.2.tgz",
      "dev": true,
      "requires": {
        "chalk": "^2.4.2",
        "cli-cursor": "^2.1.0"
      },
      "dependencies": {
        "ansi-escapes": {
          "version": "http://registry.npm.taobao.org/ansi-escapes/download/ansi-escapes-3.2.0.tgz",
          "bundled": true
        },
        "chalk": {
          "version": "http://registry.npm.taobao.org/chalk/download/chalk-2.4.2.tgz?cache=0&other_urls=http%3A%2F%2Fregistry.npm.taobao.org%2Fchalk%2Fdownload%2Fchalk-2.4.2.tgz",
          "bundled": true,
          "dependencies": {
            "ansi-styles": {
              "version": "http://registry.npm.taobao.org/ansi-styles/download/ansi-styles-3.2.1.tgz",
              "dependencies": {
                "color-convert": {
                  "version": "http://registry.npm.taobao.org/color-convert/download/color-convert-1.9.3.tgz"
                }
              }
            },
            "escape-string-regexp": {
              "version": "http://registry.npm.taobao.org/escape-string-regexp/download/escape-string-regexp-1.0.5.tgz"
            },
            "supports-color": {
              "version": "http://registry.npm.taobao.org/supports-color/download/supports-color-5.5.0.tgz"
            }
          }
        },
        "cli-cursor": {
          "version": "http://registry.npm.taobao.org/cli-cursor/download/cli-cursor-2.1.0.tgz",
          "bundled": true
        },
        "cli-width": {
          "version": "http://registry.npm.taobao.org/cli-width/download/cli-width-2.2.0.tgz",
          "bundled": true
        },
        "external-editor": {
          "version": "http://registry.npm.taobao.org/external-editor/download/external-editor-3.0.3.tgz",
          "bundled": true
        },
        "figures": {
          "version": "http://registry.npm.taobao.org/figures/download/figures-2.0.0.tgz",
          "bundled": true
        },
        "lodash": {
          "version": "http://registry.npm.taobao.org/lodash/download/lodash-4.17.11.tgz?cache=0&other_urls=http%3A%2F%2Fregistry.npm.taobao.org%2Flodash%2Fdownload%2Flodash-4.17.11.tgz",
          "bundled": true
        },
        "mute-stream": {
          "version": "http://registry.npm.taobao.org/mute-stream/download/mute-stream-0.0.7.tgz",
          "bundled": true
        },
        "run-async": {
          "version": "http://registry.npm.taobao.org/run-async/download/run-async-2.3.0.tgz",
          "bundled": true
        },
        "rxjs": {
          "version": "http://registry.npm.taobao.org/rxjs/download/rxjs-6.4.0.tgz",
          "bundled": true
        },
        "string-width": {
          "version": "http://registry.npm.taobao.org/string-width/download/string-width-2.1.1.tgz",
          "bundled": true
        },
        "strip-ansi": {
          "version": "http://registry.npm.taobao.org/strip-ansi/download/strip-ansi-5.2.0.tgz",
          "bundled": true,
          "dependencies": {
            "ansi-regex": {
              "version": "http://registry.npm.taobao.org/ansi-regex/download/ansi-regex-4.1.0.tgz"
            }
          }
        },
        "through": {
          "version": "http://registry.npm.taobao.org/through/download/through-2.3.8.tgz",
          "bundled": true
        }
      }
    },
    "log-symbols": {
      "version": "2.2.0",
      "resolved": "https://registry.npmjs.org/log-symbols/-/log-symbols-2.2.0.tgz",
      "integrity": "sha512-VeIAFslyIerEJLXHziedo2basKbMKtTw3vfn5IzG0XTjhAVEJyNHnL2p7vc+wBDSdQuUpNw3M2u6xb9QsAY5Eg==",
      "dev": true,
      "requires": {
        "chalk": "^2.0.1"
      }
    },
    "ora": {
      "version": "3.2.0",
      "resolved": "https://registry.npmjs.org/ora/-/ora-3.2.0.tgz",
      "integrity": "sha512-XHMZA5WieCbtg+tu0uPF8CjvwQdNzKCX6BVh3N6GFsEXH40mTk5dsw/ya1lBTUGJslcEFJFQ8cBhOgkkZXQtMA==",
      "dev": true,
      "requires": {
        "chalk": "^2.4.2",
        "cli-cursor": "^2.1.0",
        "cli-spinners": "^2.0.0",
        "log-symbols": "^2.2.0",
        "strip-ansi": "^5.0.0",
        "wcwidth": "^1.0.1"
      },
      "dependencies": {
        "cli-spinners": {
          "version": "2.0.0",
          "resolved": "https://registry.npmjs.org/cli-spinners/-/cli-spinners-2.0.0.tgz",
          "integrity": "sha512-yiEBmhaKPPeBj7wWm4GEdtPZK940p9pl3EANIrnJ3JnvWyrPjcFcsEq6qRUuQ7fzB0+Y82ld3p6B34xo95foWw==",
          "dev": true
        },
        "strip-ansi": {
          "version": "5.2.0",
          "resolved": "https://registry.npmjs.org/strip-ansi/-/strip-ansi-5.2.0.tgz",
          "integrity": "sha512-DuRs1gKbBqsMKIZlrffwlug8MHkcnpjs5VPmL1PAh+mA30U0DTotfDZ0d2UUsXpPmPmMMJ6W773MaA3J+lbiWA==",
          "dev": true
        }
      }
    },
    "wcwidth": {
      "version": "1.0.1",
      "resolved": "http://registry.npm.taobao.org/wcwidth/download/wcwidth-1.0.1.tgz",
      "dev": true,
      "dependencies": {
        "defaults": {
          "version": "http://registry.npm.taobao.org/defaults/download/defaults-1.0.3.tgz",
          "bundled": true
        }
      }
    }
  }
}
